
Microsoft Visual Studio Solution File, Format Version 12.00
# Visual Studio Version 16
VisualStudioVersion = 25.0.1700.0
MinimumVisualStudioVersion = 10.0.40219.1
Project("{FAE04EC0-301F-11D3-BF4B-00C04F79EFBC}") = "MangaReaderApi", "MangaReaderApi\MangaReaderApi.csproj", "{3A643449-A22F-4C63-B6AD-13102444DA11}"
EndProject
Project("{FAE04EC0-301F-11D3-BF4B-00C04F79EFBC}") = "MangaReaderApi.Tests", "MangaReaderApi.Tests\MangaReaderApi.Tests.csproj", "{7D8ED668-FD90-463E-9E21-604623C1C9B8}"
EndProject
Project("{FAE04EC0-301F-11D3-BF4B-00C04F79EFBC}") = "MangaReaderApi.Domain", "MangaReaderApi.Domain\MangaReaderApi.Domain.csproj", "{7978E18D-6EBA-47CE-8CCB-4D568BABF9B1}"
EndProject
Project("{FAE04EC0-301F-11D3-BF4B-00C04F79EFBC}") = "MangaReaderApi.Application", "MangaReaderApi.Application\MangaReaderApi.Application.csproj", "{772D40C9-5112-4BA3-B463-AFDC180FBCBF}"
EndProject
Global
	GlobalSection(SolutionConfigurationPlatforms) = preSolution
		Debug|Any CPU = Debug|Any CPU
		Release|Any CPU = Release|Any CPU
	EndGlobalSection
	GlobalSection(ProjectConfigurationPlatforms) = postSolution
		{3A643449-A22F-4C63-B6AD-13102444DA11}.Debug|Any CPU.ActiveCfg = Debug|Any CPU
		{3A643449-A22F-4C63-B6AD-13102444DA11}.Debug|Any CPU.Build.0 = Debug|Any CPU
		{3A643449-A22F-4C63-B6AD-13102444DA11}.Release|Any CPU.ActiveCfg = Release|Any CPU
		{3A643449-A22F-4C63-B6AD-13102444DA11}.Release|Any CPU.Build.0 = Release|Any CPU
		{7D8ED668-FD90-463E-9E21-604623C1C9B8}.Debug|Any CPU.ActiveCfg = Debug|Any CPU
		{7D8ED668-FD90-463E-9E21-604623C1C9B8}.Debug|Any CPU.Build.0 = Debug|Any CPU
		{7D8ED668-FD90-463E-9E21-604623C1C9B8}.Release|Any CPU.ActiveCfg = Release|Any CPU
		{7D8ED668-FD90-463E-9E21-604623C1C9B8}.Release|Any CPU.Build.0 = Release|Any CPU
		{7978E18D-6EBA-47CE-8CCB-4D568BABF9B1}.Debug|Any CPU.ActiveCfg = Debug|Any CPU
		{7978E18D-6EBA-47CE-8CCB-4D568BABF9B1}.Debug|Any CPU.Build.0 = Debug|Any CPU
		{7978E18D-6EBA-47CE-8CCB-4D568BABF9B1}.Release|Any CPU.ActiveCfg = Release|Any CPU
		{7978E18D-6EBA-47CE-8CCB-4D568BABF9B1}.Release|Any CPU.Build.0 = Release|Any CPU
		{772D40C9-5112-4BA3-B463-AFDC180FBCBF}.Debug|Any CPU.ActiveCfg = Debug|Any CPU
		{772D40C9-5112-4BA3-B463-AFDC180FBCBF}.Debug|Any CPU.Build.0 = Debug|Any CPU
		{772D40C9-5112-4BA3-B463-AFDC180FBCBF}.Release|Any CPU.ActiveCfg = Release|Any CPU
		{772D40C9-5112-4BA3-B463-AFDC180FBCBF}.Release|Any CPU.Build.0 = Release|Any CPU
	EndGlobalSection
	GlobalSection(SolutionProperties) = preSolution
		HideSolutionNode = FALSE
	EndGlobalSection
	GlobalSection(ExtensibilityGlobals) = postSolution
		SolutionGuid = {A38A73A0-88BC-401B-9617-6576E3C16A8D}
	EndGlobalSection
EndGlobal
